
Microsoft Visual Studio Solution File, Format Version 12.00
# Visual Studio Version 17
VisualStudioVersion = 17.5.33414.496
MinimumVisualStudioVersion = 10.0.40219.1
Project("{FAE04EC0-301F-11D3-BF4B-00C04F79EFBC}") = "Vehicles", "Vehicles\Vehicles.csproj", "{11F4A99F-9B42-4C20-A746-EB219009A049}"
EndProject
Global
	GlobalSection(SolutionConfigurationPlatforms) = preSolution
		Debug|Any CPU = Debug|Any CPU
		Release|Any CPU = Release|Any CPU
	EndGlobalSection
	GlobalSection(ProjectConfigurationPlatforms) = postSolution
		{11F4A99F-9B42-4C20-A746-EB219009A049}.Debug|Any CPU.ActiveCfg = Debug|Any CPU
		{11F4A99F-9B42-4C20-A746-EB219009A049}.Debug|Any CPU.Build.0 = Debug|Any CPU
		{11F4A99F-9B42-4C20-A746-EB219009A049}.Release|Any CPU.ActiveCfg = Release|Any CPU
		{11F4A99F-9B42-4C20-A746-EB219009A049}.Release|Any CPU.Build.0 = Release|Any CPU
	EndGlobalSection
	GlobalSection(SolutionProperties) = preSolution
		HideSolutionNode = FALSE
	EndGlobalSection
	GlobalSection(ExtensibilityGlobals) = postSolution
		SolutionGuid = {E139A672-B799-4B8E-9798-EDCCF2AF5D12}
	EndGlobalSection
EndGlobal
